
Microsoft Visual Studio Solution File, Format Version 12.00
# Visual Studio Version 17
VisualStudioVersion = 17.0.31903.59
MinimumVisualStudioVersion = 10.0.40219.1
Project("{9A19103F-16F7-4668-BE54-9A1E7A4F7556}") = "StoreWebApp", "StoreWebApp\StoreWebApp.csproj", "{DF35CBE6-30B0-4CDA-99F1-F4FE772D5F8C}"
EndProject
Project("{2150E333-8FDC-42A3-9474-1A3956D46DE8}") = "Docs", "Docs", "{AE04226A-1CB0-46FB-8C24-330CE48CA401}"
	ProjectSection(SolutionItems) = preProject
		README.md = README.md
	EndProjectSection
EndProject
Project("{2150E333-8FDC-42A3-9474-1A3956D46DE8}") = "Src", "Src", "{601281BC-5E02-4490-9234-24B13BF2AC3D}"
EndProject
Project("{2150E333-8FDC-42A3-9474-1A3956D46DE8}") = "WebApps", "WebApps", "{83620FE6-3371-4E96-BCBD-62A803CA2B0E}"
EndProject
Project("{2150E333-8FDC-42A3-9474-1A3956D46DE8}") = "Services", "Services", "{FD414515-A379-4D05-95A1-B711A738AE57}"
EndProject
Project("{2150E333-8FDC-42A3-9474-1A3956D46DE8}") = "ApiGateways", "ApiGateways", "{F1D722D6-97C5-4C4A-9461-A4E31361D9FF}"
EndProject
Project("{2150E333-8FDC-42A3-9474-1A3956D46DE8}") = "Catalog", "Catalog", "{1090DA3E-FD48-4511-99EC-19BA4F454858}"
EndProject
Project("{2150E333-8FDC-42A3-9474-1A3956D46DE8}") = "Ordering", "Ordering", "{740501A1-706D-4CA4-A7F8-2969DA64AFC2}"
EndProject
Project("{2150E333-8FDC-42A3-9474-1A3956D46DE8}") = "Catalog.UnitTests", "Catalog.UnitTests", "{00C9DEE3-025B-4320-8E1C-566D834CF053}"
EndProject
Project("{9A19103F-16F7-4668-BE54-9A1E7A4F7556}") = "Catalog.UnitTests", "Catalog.UnitTests\Catalog.UnitTests.csproj", "{88DA2B93-1CD9-4449-AFE7-ED53CC426B7B}"
EndProject
Project("{9A19103F-16F7-4668-BE54-9A1E7A4F7556}") = "Catalog.API", "Catalog.API\Catalog.API.csproj", "{23647059-561C-47F6-A76A-B1E50CDBEA95}"
EndProject
Project("{9A19103F-16F7-4668-BE54-9A1E7A4F7556}") = "Ordering.API", "Ordering.API\Ordering.API.csproj", "{09FBE455-E09F-49CA-9838-96772F4401C8}"
EndProject
Project("{2150E333-8FDC-42A3-9474-1A3956D46DE8}") = "Ordering.UnitTests", "Ordering.UnitTests", "{DF9BB325-B66D-4352-A543-C8672C65D0EF}"
EndProject
Project("{9A19103F-16F7-4668-BE54-9A1E7A4F7556}") = "Ordering.UnitTests", "Ordering.UnitTests\Ordering.UnitTests.csproj", "{AA003108-7753-4986-8F22-2C7F295DC170}"
EndProject
Project("{9A19103F-16F7-4668-BE54-9A1E7A4F7556}") = "OcelotAPIGateway", "OcelotAPIGateway\OcelotAPIGateway.csproj", "{81CD5698-E540-4917-B493-B307060DC45A}"
EndProject
Project("{E53339B2-1760-4266-BCC7-CA923CBCF16C}") = "docker-compose", "docker-compose.dcproj", "{F82B4065-6908-4331-9E51-63B9B3EADD20}"
EndProject
Project("{2150E333-8FDC-42A3-9474-1A3956D46DE8}") = "Sale", "Sale", "{197949FB-9C88-4C9C-9B7F-A7BDA421E145}"
EndProject
Project("{9A19103F-16F7-4668-BE54-9A1E7A4F7556}") = "Sale.UnitTests", "..\Sale.UnitTests\Sale.UnitTests.csproj", "{16A98AB4-D882-41B0-BDF4-530294903683}"
EndProject
Project("{FAE04EC0-301F-11D3-BF4B-00C04F79EFBC}") = "Sale.API", "Sale.API\Sale.API.csproj", "{6B751B5B-1D08-49A9-A422-CF762D95C473}"
EndProject
Global
	GlobalSection(SolutionConfigurationPlatforms) = preSolution
		Debug|Any CPU = Debug|Any CPU
		Release|Any CPU = Release|Any CPU
	EndGlobalSection
	GlobalSection(ProjectConfigurationPlatforms) = postSolution
		{DF35CBE6-30B0-4CDA-99F1-F4FE772D5F8C}.Debug|Any CPU.ActiveCfg = Debug|Any CPU
		{DF35CBE6-30B0-4CDA-99F1-F4FE772D5F8C}.Debug|Any CPU.Build.0 = Debug|Any CPU
		{DF35CBE6-30B0-4CDA-99F1-F4FE772D5F8C}.Release|Any CPU.ActiveCfg = Release|Any CPU
		{DF35CBE6-30B0-4CDA-99F1-F4FE772D5F8C}.Release|Any CPU.Build.0 = Release|Any CPU
		{88DA2B93-1CD9-4449-AFE7-ED53CC426B7B}.Debug|Any CPU.ActiveCfg = Debug|Any CPU
		{88DA2B93-1CD9-4449-AFE7-ED53CC426B7B}.Debug|Any CPU.Build.0 = Debug|Any CPU
		{88DA2B93-1CD9-4449-AFE7-ED53CC426B7B}.Release|Any CPU.ActiveCfg = Release|Any CPU
		{88DA2B93-1CD9-4449-AFE7-ED53CC426B7B}.Release|Any CPU.Build.0 = Release|Any CPU
		{23647059-561C-47F6-A76A-B1E50CDBEA95}.Debug|Any CPU.ActiveCfg = Debug|Any CPU
		{23647059-561C-47F6-A76A-B1E50CDBEA95}.Debug|Any CPU.Build.0 = Debug|Any CPU
		{23647059-561C-47F6-A76A-B1E50CDBEA95}.Release|Any CPU.ActiveCfg = Release|Any CPU
		{23647059-561C-47F6-A76A-B1E50CDBEA95}.Release|Any CPU.Build.0 = Release|Any CPU
		{09FBE455-E09F-49CA-9838-96772F4401C8}.Debug|Any CPU.ActiveCfg = Debug|Any CPU
		{09FBE455-E09F-49CA-9838-96772F4401C8}.Debug|Any CPU.Build.0 = Debug|Any CPU
		{09FBE455-E09F-49CA-9838-96772F4401C8}.Release|Any CPU.ActiveCfg = Release|Any CPU
		{09FBE455-E09F-49CA-9838-96772F4401C8}.Release|Any CPU.Build.0 = Release|Any CPU
		{AA003108-7753-4986-8F22-2C7F295DC170}.Debug|Any CPU.ActiveCfg = Debug|Any CPU
		{AA003108-7753-4986-8F22-2C7F295DC170}.Debug|Any CPU.Build.0 = Debug|Any CPU
		{AA003108-7753-4986-8F22-2C7F295DC170}.Release|Any CPU.ActiveCfg = Release|Any CPU
		{AA003108-7753-4986-8F22-2C7F295DC170}.Release|Any CPU.Build.0 = Release|Any CPU
		{81CD5698-E540-4917-B493-B307060DC45A}.Debug|Any CPU.ActiveCfg = Debug|Any CPU
		{81CD5698-E540-4917-B493-B307060DC45A}.Debug|Any CPU.Build.0 = Debug|Any CPU
		{81CD5698-E540-4917-B493-B307060DC45A}.Release|Any CPU.ActiveCfg = Release|Any CPU
		{81CD5698-E540-4917-B493-B307060DC45A}.Release|Any CPU.Build.0 = Release|Any CPU
		{F82B4065-6908-4331-9E51-63B9B3EADD20}.Debug|Any CPU.ActiveCfg = Debug|Any CPU
		{F82B4065-6908-4331-9E51-63B9B3EADD20}.Debug|Any CPU.Build.0 = Debug|Any CPU
		{F82B4065-6908-4331-9E51-63B9B3EADD20}.Release|Any CPU.ActiveCfg = Release|Any CPU
		{F82B4065-6908-4331-9E51-63B9B3EADD20}.Release|Any CPU.Build.0 = Release|Any CPU
		{16A98AB4-D882-41B0-BDF4-530294903683}.Debug|Any CPU.ActiveCfg = Debug|Any CPU
		{16A98AB4-D882-41B0-BDF4-530294903683}.Debug|Any CPU.Build.0 = Debug|Any CPU
		{16A98AB4-D882-41B0-BDF4-530294903683}.Release|Any CPU.ActiveCfg = Release|Any CPU
		{16A98AB4-D882-41B0-BDF4-530294903683}.Release|Any CPU.Build.0 = Release|Any CPU
		{6B751B5B-1D08-49A9-A422-CF762D95C473}.Debug|Any CPU.ActiveCfg = Debug|Any CPU
		{6B751B5B-1D08-49A9-A422-CF762D95C473}.Debug|Any CPU.Build.0 = Debug|Any CPU
		{6B751B5B-1D08-49A9-A422-CF762D95C473}.Release|Any CPU.ActiveCfg = Release|Any CPU
		{6B751B5B-1D08-49A9-A422-CF762D95C473}.Release|Any CPU.Build.0 = Release|Any CPU
	EndGlobalSection
	GlobalSection(SolutionProperties) = preSolution
		HideSolutionNode = FALSE
	EndGlobalSection
	GlobalSection(NestedProjects) = preSolution
		{DF35CBE6-30B0-4CDA-99F1-F4FE772D5F8C} = {83620FE6-3371-4E96-BCBD-62A803CA2B0E}
		{83620FE6-3371-4E96-BCBD-62A803CA2B0E} = {601281BC-5E02-4490-9234-24B13BF2AC3D}
		{FD414515-A379-4D05-95A1-B711A738AE57} = {601281BC-5E02-4490-9234-24B13BF2AC3D}
		{F1D722D6-97C5-4C4A-9461-A4E31361D9FF} = {601281BC-5E02-4490-9234-24B13BF2AC3D}
		{1090DA3E-FD48-4511-99EC-19BA4F454858} = {FD414515-A379-4D05-95A1-B711A738AE57}
		{740501A1-706D-4CA4-A7F8-2969DA64AFC2} = {FD414515-A379-4D05-95A1-B711A738AE57}
		{00C9DEE3-025B-4320-8E1C-566D834CF053} = {1090DA3E-FD48-4511-99EC-19BA4F454858}
		{88DA2B93-1CD9-4449-AFE7-ED53CC426B7B} = {00C9DEE3-025B-4320-8E1C-566D834CF053}
		{23647059-561C-47F6-A76A-B1E50CDBEA95} = {1090DA3E-FD48-4511-99EC-19BA4F454858}
		{09FBE455-E09F-49CA-9838-96772F4401C8} = {740501A1-706D-4CA4-A7F8-2969DA64AFC2}
		{DF9BB325-B66D-4352-A543-C8672C65D0EF} = {740501A1-706D-4CA4-A7F8-2969DA64AFC2}
		{AA003108-7753-4986-8F22-2C7F295DC170} = {DF9BB325-B66D-4352-A543-C8672C65D0EF}
		{81CD5698-E540-4917-B493-B307060DC45A} = {F1D722D6-97C5-4C4A-9461-A4E31361D9FF}
		{197949FB-9C88-4C9C-9B7F-A7BDA421E145} = {FD414515-A379-4D05-95A1-B711A738AE57}
		{16A98AB4-D882-41B0-BDF4-530294903683} = {197949FB-9C88-4C9C-9B7F-A7BDA421E145}
		{6B751B5B-1D08-49A9-A422-CF762D95C473} = {197949FB-9C88-4C9C-9B7F-A7BDA421E145}
	EndGlobalSection
	GlobalSection(ExtensibilityGlobals) = postSolution
		SolutionGuid = {19F535BF-8129-4AFD-8DA9-23FE276D777A}
	EndGlobalSection
EndGlobal
